{
  "OperationName": "Getting last deployment modified time",
  "AcquiredDateTime": "2024-11-07T06:02:52.6898659Z",
  "StackTrace": "   at System.Environment.get_StackTrace()\n   at Kudu.Core.Infrastructure.WindowsLockFile.WriteLockInfo(String operationName, Stream lockStream) in /tmp/KuduLite/Kudu.Core/Infrastructure/WindowsLockFile.cs:line 208\n   at Kudu.Core.Infrastructure.WindowsLockFile.Lock(String operationName) in /tmp/KuduLite/Kudu.Core/Infrastructure/WindowsLockFile.cs:line 149\n   at Kudu.Contracts.Infrastructure.LockExtensions.TryLockOperation(IOperationLock lockObj, Action operation, String operationName, TimeSpan timeout) in /tmp/KuduLite/Kudu.Contracts/Infrastructure/LockExtensions.cs:line 21\n   at Kudu.Contracts.Infrastructure.LockExtensions.LockOperation[T](IOperationLock lockObj, Func`1 operation, String operationName, TimeSpan timeout) in /tmp/KuduLite/Kudu.Contracts/Infrastructure/LockExtensions.cs:line 59\n   at Kudu.Core.Deployment.DeploymentStatusManager.get_LastModifiedTime() in /tmp/KuduLite/Kudu.Core/Deployment/DeploymentStatusManager.cs:line 94\n   at Kudu.Services.Deployment.DeploymentController.<GetCurrentEtag>b__26_0() in /tmp/KuduLite/Kudu.Services/Deployment/DeploymentController.cs:line 689\n   at System.Threading.Tasks.Task`1.InnerInvoke()\n   at System.Threading.ExecutionContext.RunFromThreadPoolDispatchLoop(Thread , ExecutionContext , ContextCallback , Object )\n   at System.Threading.Tasks.Task.ExecuteWithThreadLocal(Task& , Thread )\n   at System.Threading.ThreadPoolWorkQueue.Dispatch()\n   at System.Threading.PortableThreadPool.WorkerThread.WorkerThreadStart()",
  "InstanceId": "c2e789"
}